// !$*UTF8*$!
{
	archiveVersion = 1;
	classes = {
	};
	objectVersion = 50;
	objects = {

/* Begin PBXBuildFile section */
		F506DA5523A021E800B4ADEB /* AppDelegate.swift in Sources */ = {isa = PBXBuildFile; fileRef = F506DA5423A021E800B4ADEB /* AppDelegate.swift */; };
		F506DA5723A021E800B4ADEB /* SceneDelegate.swift in Sources */ = {isa = PBXBuildFile; fileRef = F506DA5623A021E800B4ADEB /* SceneDelegate.swift */; };
		F506DA5923A021E800B4ADEB /* ViewController.swift in Sources */ = {isa = PBXBuildFile; fileRef = F506DA5823A021E800B4ADEB /* ViewController.swift */; };
		F506DA5C23A021E800B4ADEB /* Main.storyboard in Resources */ = {isa = PBXBuildFile; fileRef = F506DA5A23A021E800B4ADEB /* Main.storyboard */; };
		F506DA5E23A021E900B4ADEB /* Assets.xcassets in Resources */ = {isa = PBXBuildFile; fileRef = F506DA5D23A021E900B4ADEB /* Assets.xcassets */; };
		F506DA6123A021E900B4ADEB /* LaunchScreen.storyboard in Resources */ = {isa = PBXBuildFile; fileRef = F506DA5F23A021E900B4ADEB /* LaunchScreen.storyboard */; };
		F506DA6923A021FB00B4ADEB /* WeatherAPI.swift in Sources */ = {isa = PBXBuildFile; fileRef = F506DA6823A021FB00B4ADEB /* WeatherAPI.swift */; };
		F506DA6E23A0241600B4ADEB /* WeatherResponse.swift in Sources */ = {isa = PBXBuildFile; fileRef = F506DA6D23A0241600B4ADEB /* WeatherResponse.swift */; };
		F506DA7923A03FD600B4ADEB /* NotificationCenter.framework in Frameworks */ = {isa = PBXBuildFile; fileRef = F506DA7823A03FD600B4ADEB /* NotificationCenter.framework */; };
		F506DA7C23A03FD600B4ADEB /* TodayViewController.swift in Sources */ = {isa = PBXBuildFile; fileRef = F506DA7B23A03FD600B4ADEB /* TodayViewController.swift */; };
		F506DA7F23A03FD600B4ADEB /* MainInterface.storyboard in Resources */ = {isa = PBXBuildFile; fileRef = F506DA7D23A03FD600B4ADEB /* MainInterface.storyboard */; };
		F506DA8323A03FD600B4ADEB /* AppExtensionsTodayExample.appex in Embed App Extensions */ = {isa = PBXBuildFile; fileRef = F506DA7623A03FD600B4ADEB /* AppExtensionsTodayExample.appex */; settings = {ATTRIBUTES = (RemoveHeadersOnCopy, ); }; };
		F506DA8823A03FF300B4ADEB /* WeatherAPI.swift in Sources */ = {isa = PBXBuildFile; fileRef = F506DA6823A021FB00B4ADEB /* WeatherAPI.swift */; };
		F506DA8923A03FF600B4ADEB /* WeatherResponse.swift in Sources */ = {isa = PBXBuildFile; fileRef = F506DA6D23A0241600B4ADEB /* WeatherResponse.swift */; };
/* End PBXBuildFile section */

/* Begin PBXContainerItemProxy section */
		F506DA8123A03FD600B4ADEB /* PBXContainerItemProxy */ = {
			isa = PBXContainerItemProxy;
			containerPortal = F506DA4923A021E800B4ADEB /* Project object */;
			proxyType = 1;
			remoteGlobalIDString = F506DA7523A03FD600B4ADEB;
			remoteInfo = AppExtensionsTodayExample;
		};
/* End PBXContainerItemProxy section */

/* Begin PBXCopyFilesBuildPhase section */
		F506DA8723A03FD600B4ADEB /* Embed App Extensions */ = {
			isa = PBXCopyFilesBuildPhase;
			buildActionMask = 2147483647;
			dstPath = "";
			dstSubfolderSpec = 13;
			files = (
				F506DA8323A03FD600B4ADEB /* AppExtensionsTodayExample.appex in Embed App Extensions */,
			);
			name = "Embed App Extensions";
			runOnlyForDeploymentPostprocessing = 0;
		};
/* End PBXCopyFilesBuildPhase section */

/* Begin PBXFileReference section */
		F506DA5123A021E800B4ADEB /* AppExtensionsExample.app */ = {isa = PBXFileReference; explicitFileType = wrapper.application; includeInIndex = 0; path = AppExtensionsExample.app; sourceTree = BUILT_PRODUCTS_DIR; };
		F506DA5423A021E800B4ADEB /* AppDelegate.swift */ = {isa = PBXFileReference; lastKnownFileType = sourcecode.swift; path = AppDelegate.swift; sourceTree = "<group>"; };
		F506DA5623A021E800B4ADEB /* SceneDelegate.swift */ = {isa = PBXFileReference; lastKnownFileType = sourcecode.swift; path = SceneDelegate.swift; sourceTree = "<group>"; };
		F506DA5823A021E800B4ADEB /* ViewController.swift */ = {isa = PBXFileReference; lastKnownFileType = sourcecode.swift; path = ViewController.swift; sourceTree = "<group>"; };
		F506DA5B23A021E800B4ADEB /* Base */ = {isa = PBXFileReference; lastKnownFileType = file.storyboard; name = Base; path = Base.lproj/Main.storyboard; sourceTree = "<group>"; };
		F506DA5D23A021E900B4ADEB /* Assets.xcassets */ = {isa = PBXFileReference; lastKnownFileType = folder.assetcatalog; path = Assets.xcassets; sourceTree = "<group>"; };
		F506DA6023A021E900B4ADEB /* Base */ = {isa = PBXFileReference; lastKnownFileType = file.storyboard; name = Base; path = Base.lproj/LaunchScreen.storyboard; sourceTree = "<group>"; };
		F506DA6223A021E900B4ADEB /* Info.plist */ = {isa = PBXFileReference; lastKnownFileType = text.plist.xml; path = Info.plist; sourceTree = "<group>"; };
		F506DA6823A021FB00B4ADEB /* WeatherAPI.swift */ = {isa = PBXFileReference; lastKnownFileType = sourcecode.swift; path = WeatherAPI.swift; sourceTree = "<group>"; };
		F506DA6D23A0241600B4ADEB /* WeatherResponse.swift */ = {isa = PBXFileReference; lastKnownFileType = sourcecode.swift; path = WeatherResponse.swift; sourceTree = "<group>"; };
		F506DA7623A03FD600B4ADEB /* AppExtensionsTodayExample.appex */ = {isa = PBXFileReference; explicitFileType = "wrapper.app-extension"; includeInIndex = 0; path = AppExtensionsTodayExample.appex; sourceTree = BUILT_PRODUCTS_DIR; };
		F506DA7823A03FD600B4ADEB /* NotificationCenter.framework */ = {isa = PBXFileReference; lastKnownFileType = wrapper.framework; name = NotificationCenter.framework; path = System/Library/Frameworks/NotificationCenter.framework; sourceTree = SDKROOT; };
		F506DA7B23A03FD600B4ADEB /* TodayViewController.swift */ = {isa = PBXFileReference; lastKnownFileType = sourcecode.swift; path = TodayViewController.swift; sourceTree = "<group>"; };
		F506DA7E23A03FD600B4ADEB /* Base */ = {isa = PBXFileReference; lastKnownFileType = file.storyboard; name = Base; path = Base.lproj/MainInterface.storyboard; sourceTree = "<group>"; };
		F506DA8023A03FD600B4ADEB /* Info.plist */ = {isa = PBXFileReference; lastKnownFileType = text.plist.xml; path = Info.plist; sourceTree = "<group>"; };
/* End PBXFileReference section */

/* Begin PBXFrameworksBuildPhase section */
		F506DA4E23A021E800B4ADEB /* Frameworks */ = {
			isa = PBXFrameworksBuildPhase;
			buildActionMask = 2147483647;
			files = (
			);
			runOnlyForDeploymentPostprocessing = 0;
		};
		F506DA7323A03FD600B4ADEB /* Frameworks */ = {
			isa = PBXFrameworksBuildPhase;
			buildActionMask = 2147483647;
			files = (
				F506DA7923A03FD600B4ADEB /* NotificationCenter.framework in Frameworks */,
			);
			runOnlyForDeploymentPostprocessing = 0;
		};
/* End PBXFrameworksBuildPhase section */

/* Begin PBXGroup section */
		F506DA4823A021E800B4ADEB = {
			isa = PBXGroup;
			children = (
				F506DA5323A021E800B4ADEB /* AppExtensionsExample */,
				F506DA7A23A03FD600B4ADEB /* AppExtensionsTodayExample */,
				F506DA7723A03FD600B4ADEB /* Frameworks */,
				F506DA5223A021E800B4ADEB /* Products */,
			);
			sourceTree = "<group>";
		};
		F506DA5223A021E800B4ADEB /* Products */ = {
			isa = PBXGroup;
			children = (
				F506DA5123A021E800B4ADEB /* AppExtensionsExample.app */,
				F506DA7623A03FD600B4ADEB /* AppExtensionsTodayExample.appex */,
			);
			name = Products;
			sourceTree = "<group>";
		};
		F506DA5323A021E800B4ADEB /* AppExtensionsExample */ = {
			isa = PBXGroup;
			children = (
				F506DA6C23A023E000B4ADEB /* API */,
				F506DA5423A021E800B4ADEB /* AppDelegate.swift */,
				F506DA5623A021E800B4ADEB /* SceneDelegate.swift */,
				F506DA5823A021E800B4ADEB /* ViewController.swift */,
				F506DA5A23A021E800B4ADEB /* Main.storyboard */,
				F506DA5D23A021E900B4ADEB /* Assets.xcassets */,
				F506DA5F23A021E900B4ADEB /* LaunchScreen.storyboard */,
				F506DA6223A021E900B4ADEB /* Info.plist */,
			);
			path = AppExtensionsExample;
			sourceTree = "<group>";
		};
		F506DA6C23A023E000B4ADEB /* API */ = {
			isa = PBXGroup;
			children = (
				F506DA6823A021FB00B4ADEB /* WeatherAPI.swift */,
				F506DA6D23A0241600B4ADEB /* WeatherResponse.swift */,
			);
			path = API;
			sourceTree = "<group>";
		};
		F506DA7723A03FD600B4ADEB /* Frameworks */ = {
			isa = PBXGroup;
			children = (
				F506DA7823A03FD600B4ADEB /* NotificationCenter.framework */,
			);
			name = Frameworks;
			sourceTree = "<group>";
		};
		F506DA7A23A03FD600B4ADEB /* AppExtensionsTodayExample */ = {
			isa = PBXGroup;
			children = (
				F506DA7B23A03FD600B4ADEB /* TodayViewController.swift */,
				F506DA7D23A03FD600B4ADEB /* MainInterface.storyboard */,
				F506DA8023A03FD600B4ADEB /* Info.plist */,
			);
			path = AppExtensionsTodayExample;
			sourceTree = "<group>";
		};
/* End PBXGroup section */

/* Begin PBXNativeTarget section */
		F506DA5023A021E800B4ADEB /* AppExtensionsExample */ = {
			isa = PBXNativeTarget;
			buildConfigurationList = F506DA6523A021E900B4ADEB /* Build configuration list for PBXNativeTarget "AppExtensionsExample" */;
			buildPhases = (
				F506DA4D23A021E800B4ADEB /* Sources */,
				F506DA4E23A021E800B4ADEB /* Frameworks */,
				F506DA4F23A021E800B4ADEB /* Resources */,
				F506DA8723A03FD600B4ADEB /* Embed App Extensions */,
			);
			buildRules = (
			);
			dependencies = (
				F506DA8223A03FD600B4ADEB /* PBXTargetDependency */,
			);
			name = AppExtensionsExample;
			productName = AppExtensionsExample;
			productReference = F506DA5123A021E800B4ADEB /* AppExtensionsExample.app */;
			productType = "com.apple.product-type.application";
		};
		F506DA7523A03FD600B4ADEB /* AppExtensionsTodayExample */ = {
			isa = PBXNativeTarget;
			buildConfigurationList = F506DA8423A03FD600B4ADEB /* Build configuration list for PBXNativeTarget "AppExtensionsTodayExample" */;
			buildPhases = (
				F506DA7223A03FD600B4ADEB /* Sources */,
				F506DA7323A03FD600B4ADEB /* Frameworks */,
				F506DA7423A03FD600B4ADEB /* Resources */,
			);
			buildRules = (
			);
			dependencies = (
			);
			name = AppExtensionsTodayExample;
			productName = AppExtensionsTodayExample;
			productReference = F506DA7623A03FD600B4ADEB /* AppExtensionsTodayExample.appex */;
			productType = "com.apple.product-type.app-extension";
		};
/* End PBXNativeTarget section */

/* Begin PBXProject section */
		F506DA4923A021E800B4ADEB /* Project object */ = {
			isa = PBXProject;
			attributes = {
				LastSwiftUpdateCheck = 1120;
				LastUpgradeCheck = 1120;
				ORGANIZATIONNAME = Domo;
				TargetAttributes = {
					F506DA5023A021E800B4ADEB = {
						CreatedOnToolsVersion = 11.2.1;
					};
					F506DA7523A03FD600B4ADEB = {
						CreatedOnToolsVersion = 11.2.1;
					};
				};
			};
			buildConfigurationList = F506DA4C23A021E800B4ADEB /* Build configuration list for PBXProject "AppExtensionsExample" */;
			compatibilityVersion = "Xcode 9.3";
			developmentRegion = en;
			hasScannedForEncodings = 0;
			knownRegions = (
				en,
				Base,
			);
			mainGroup = F506DA4823A021E800B4ADEB;
			productRefGroup = F506DA5223A021E800B4ADEB /* Products */;
			projectDirPath = "";
			projectRoot = "";
			targets = (
				F506DA5023A021E800B4ADEB /* AppExtensionsExample */,
				F506DA7523A03FD600B4ADEB /* AppExtensionsTodayExample */,
			);
		};
/* End PBXProject section */

/* Begin PBXResourcesBuildPhase section */
		F506DA4F23A021E800B4ADEB /* Resources */ = {
			isa = PBXResourcesBuildPhase;
			buildActionMask = 2147483647;
			files = (
				F506DA6123A021E900B4ADEB /* LaunchScreen.storyboard in Resources */,
				F506DA5E23A021E900B4ADEB /* Assets.xcassets in Resources */,
				F506DA5C23A021E800B4ADEB /* Main.storyboard in Resources */,
			);
			runOnlyForDeploymentPostprocessing = 0;
		};
		F506DA7423A03FD600B4ADEB /* Resources */ = {
			isa = PBXResourcesBuildPhase;
			buildActionMask = 2147483647;
			files = (
				F506DA7F23A03FD600B4ADEB /* MainInterface.storyboard in Resources */,
			);
			runOnlyForDeploymentPostprocessing = 0;
		};
/* End PBXResourcesBuildPhase section */

/* Begin PBXSourcesBuildPhase section */
		F506DA4D23A021E800B4ADEB /* Sources */ = {
			isa = PBXSourcesBuildPhase;
			buildActionMask = 2147483647;
			files = (
				F506DA5923A021E800B4ADEB /* ViewController.swift in Sources */,
				F506DA6E23A0241600B4ADEB /* WeatherResponse.swift in Sources */,
				F506DA6923A021FB00B4ADEB /* WeatherAPI.swift in Sources */,
				F506DA5523A021E800B4ADEB /* AppDelegate.swift in Sources */,
				F506DA5723A021E800B4ADEB /* SceneDelegate.swift in Sources */,
			);
			runOnlyForDeploymentPostprocessing = 0;
		};
		F506DA7223A03FD600B4ADEB /* Sources */ = {
			isa = PBXSourcesBuildPhase;
			buildActionMask = 2147483647;
			files = (
				F506DA7C23A03FD600B4ADEB /* TodayViewController.swift in Sources */,
				F506DA8923A03FF600B4ADEB /* WeatherResponse.swift in Sources */,
				F506DA8823A03FF300B4ADEB /* WeatherAPI.swift in Sources */,
			);
			runOnlyForDeploymentPostprocessing = 0;
		};
/* End PBXSourcesBuildPhase section */

/* Begin PBXTargetDependency section */
		F506DA8223A03FD600B4ADEB /* PBXTargetDependency */ = {
			isa = PBXTargetDependency;
			target = F506DA7523A03FD600B4ADEB /* AppExtensionsTodayExample */;
			targetProxy = F506DA8123A03FD600B4ADEB /* PBXContainerItemProxy */;
		};
/* End PBXTargetDependency section */

/* Begin PBXVariantGroup section */
		F506DA5A23A021E800B4ADEB /* Main.storyboard */ = {
			isa = PBXVariantGroup;
			children = (
				F506DA5B23A021E800B4ADEB /* Base */,
			);
			name = Main.storyboard;
			sourceTree = "<group>";
		};
		F506DA5F23A021E900B4ADEB /* LaunchScreen.storyboard */ = {
			isa = PBXVariantGroup;
			children = (
				F506DA6023A021E900B4ADEB /* Base */,
			);
			name = LaunchScreen.storyboard;
			sourceTree = "<group>";
		};
		F506DA7D23A03FD600B4ADEB /* MainInterface.storyboard */ = {
			isa = PBXVariantGroup;
			children = (
				F506DA7E23A03FD600B4ADEB /* Base */,
			);
			name = MainInterface.storyboard;
			sourceTree = "<group>";
		};
/* End PBXVariantGroup section */

/* Begin XCBuildConfiguration section */
		F506DA6323A021E900B4ADEB /* Debug */ = {
			isa = XCBuildConfiguration;
			buildSettings = {
				ALWAYS_SEARCH_USER_PATHS = NO;
				CLANG_ANALYZER_NONNULL = YES;
				CLANG_ANALYZER_NUMBER_OBJECT_CONVERSION = YES_AGGRESSIVE;
				CLANG_CXX_LANGUAGE_STANDARD = "gnu++14";
				CLANG_CXX_LIBRARY = "libc++";
				CLANG_ENABLE_MODULES = YES;
				CLANG_ENABLE_OBJC_ARC = YES;
				CLANG_ENABLE_OBJC_WEAK = YES;
				CLANG_WARN_BLOCK_CAPTURE_AUTORELEASING = YES;
				CLANG_WARN_BOOL_CONVERSION = YES;
				CLANG_WARN_COMMA = YES;
				CLANG_WARN_CONSTANT_CONVERSION = YES;
				CLANG_WARN_DEPRECATED_OBJC_IMPLEMENTATIONS = YES;
				CLANG_WARN_DIRECT_OBJC_ISA_USAGE = YES_ERROR;
				CLANG_WARN_DOCUMENTATION_COMMENTS = YES;
				CLANG_WARN_EMPTY_BODY = YES;
				CLANG_WARN_ENUM_CONVERSION = YES;
				CLANG_WARN_INFINITE_RECURSION = YES;
				CLANG_WARN_INT_CONVERSION = YES;
				CLANG_WARN_NON_LITERAL_NULL_CONVERSION = YES;
				CLANG_WARN_OBJC_IMPLICIT_RETAIN_SELF = YES;
				CLANG_WARN_OBJC_LITERAL_CONVERSION = YES;
				CLANG_WARN_OBJC_ROOT_CLASS = YES_ERROR;
				CLANG_WARN_RANGE_LOOP_ANALYSIS = YES;
				CLANG_WARN_STRICT_PROTOTYPES = YES;
				CLANG_WARN_SUSPICIOUS_MOVE = YES;
				CLANG_WARN_UNGUARDED_AVAILABILITY = YES_AGGRESSIVE;
				CLANG_WARN_UNREACHABLE_CODE = YES;
				CLANG_WARN__DUPLICATE_METHOD_MATCH = YES;
				COPY_PHASE_STRIP = NO;
				DEBUG_INFORMATION_FORMAT = dwarf;
				ENABLE_STRICT_OBJC_MSGSEND = YES;
				ENABLE_TESTABILITY = YES;
				GCC_C_LANGUAGE_STANDARD = gnu11;
				GCC_DYNAMIC_NO_PIC = NO;
				GCC_NO_COMMON_BLOCKS = YES;
				GCC_OPTIMIZATION_LEVEL = 0;
				GCC_PREPROCESSOR_DEFINITIONS = (
					"DEBUG=1",
					"$(inherited)",
				);
				GCC_WARN_64_TO_32_BIT_CONVERSION = YES;
				GCC_WARN_ABOUT_RETURN_TYPE = YES_ERROR;
				GCC_WARN_UNDECLARED_SELECTOR = YES;
				GCC_WARN_UNINITIALIZED_AUTOS = YES_AGGRESSIVE;
				GCC_WARN_UNUSED_FUNCTION = YES;
				GCC_WARN_UNUSED_VARIABLE = YES;
				IPHONEOS_DEPLOYMENT_TARGET = 13.2;
				MTL_ENABLE_DEBUG_INFO = INCLUDE_SOURCE;
				MTL_FAST_MATH = YES;
				ONLY_ACTIVE_ARCH = YES;
				SDKROOT = iphoneos;
				SWIFT_ACTIVE_COMPILATION_CONDITIONS = DEBUG;
				SWIFT_OPTIMIZATION_LEVEL = "-Onone";
			};
			name = Debug;
		};
		F506DA6423A021E900B4ADEB /* Release */ = {
			isa = XCBuildConfiguration;
			buildSettings = {
				ALWAYS_SEARCH_USER_PATHS = NO;
				CLANG_ANALYZER_NONNULL = YES;
				CLANG_ANALYZER_NUMBER_OBJECT_CONVERSION = YES_AGGRESSIVE;
				CLANG_CXX_LANGUAGE_STANDARD = "gnu++14";
				CLANG_CXX_LIBRARY = "libc++";
				CLANG_ENABLE_MODULES = YES;
				CLANG_ENABLE_OBJC_ARC = YES;
				CLANG_ENABLE_OBJC_WEAK = YES;
				CLANG_WARN_BLOCK_CAPTURE_AUTORELEASING = YES;
				CLANG_WARN_BOOL_CONVERSION = YES;
				CLANG_WARN_COMMA = YES;
				CLANG_WARN_CONSTANT_CONVERSION = YES;
				CLANG_WARN_DEPRECATED_OBJC_IMPLEMENTATIONS = YES;
				CLANG_WARN_DIRECT_OBJC_ISA_USAGE = YES_ERROR;
				CLANG_WARN_DOCUMENTATION_COMMENTS = YES;
				CLANG_WARN_EMPTY_BODY = YES;
				CLANG_WARN_ENUM_CONVERSION = YES;
				CLANG_WARN_INFINITE_RECURSION = YES;
				CLANG_WARN_INT_CONVERSION = YES;
				CLANG_WARN_NON_LITERAL_NULL_CONVERSION = YES;
				CLANG_WARN_OBJC_IMPLICIT_RETAIN_SELF = YES;
				CLANG_WARN_OBJC_LITERAL_CONVERSION = YES;
				CLANG_WARN_OBJC_ROOT_CLASS = YES_ERROR;
				CLANG_WARN_RANGE_LOOP_ANALYSIS = YES;
				CLANG_WARN_STRICT_PROTOTYPES = YES;
				CLANG_WARN_SUSPICIOUS_MOVE = YES;
				CLANG_WARN_UNGUARDED_AVAILABILITY = YES_AGGRESSIVE;
				CLANG_WARN_UNREACHABLE_CODE = YES;
				CLANG_WARN__DUPLICATE_METHOD_MATCH = YES;
				COPY_PHASE_STRIP = NO;
				DEBUG_INFORMATION_FORMAT = "dwarf-with-dsym";
				ENABLE_NS_ASSERTIONS = NO;
				ENABLE_STRICT_OBJC_MSGSEND = YES;
				GCC_C_LANGUAGE_STANDARD = gnu11;
				GCC_NO_COMMON_BLOCKS = YES;
				GCC_WARN_64_TO_32_BIT_CONVERSION = YES;
				GCC_WARN_ABOUT_RETURN_TYPE = YES_ERROR;
				GCC_WARN_UNDECLARED_SELECTOR = YES;
				GCC_WARN_UNINITIALIZED_AUTOS = YES_AGGRESSIVE;
				GCC_WARN_UNUSED_FUNCTION = YES;
				GCC_WARN_UNUSED_VARIABLE = YES;
				IPHONEOS_DEPLOYMENT_TARGET = 13.2;
				MTL_ENABLE_DEBUG_INFO = NO;
				MTL_FAST_MATH = YES;
				SDKROOT = iphoneos;
				SWIFT_COMPILATION_MODE = wholemodule;
				SWIFT_OPTIMIZATION_LEVEL = "-O";
				VALIDATE_PRODUCT = YES;
			};
			name = Release;
		};
		F506DA6623A021E900B4ADEB /* Debug */ = {
			isa = XCBuildConfiguration;
			buildSettings = {
				ALWAYS_EMBED_SWIFT_STANDARD_LIBRARIES = YES;
				ASSETCATALOG_COMPILER_APPICON_NAME = AppIcon;
				CODE_SIGN_STYLE = Automatic;
				DEVELOPMENT_TEAM = 89D52653SY;
				INFOPLIST_FILE = AppExtensionsExample/Info.plist;
				LD_RUNPATH_SEARCH_PATHS = (
					"$(inherited)",
					"@executable_path/Frameworks",
				);
				PRODUCT_BUNDLE_IDENTIFIER = com.mediumproject.AppExtensionsExample;
				PRODUCT_NAME = "$(TARGET_NAME)";
				SWIFT_VERSION = 5.0;
				TARGETED_DEVICE_FAMILY = "1,2";
			};
			name = Debug;
		};
		F506DA6723A021E900B4ADEB /* Release */ = {
			isa = XCBuildConfiguration;
			buildSettings = {
				ALWAYS_EMBED_SWIFT_STANDARD_LIBRARIES = YES;
				ASSETCATALOG_COMPILER_APPICON_NAME = AppIcon;
				CODE_SIGN_STYLE = Automatic;
				DEVELOPMENT_TEAM = 89D52653SY;
				INFOPLIST_FILE = AppExtensionsExample/Info.plist;
				LD_RUNPATH_SEARCH_PATHS = (
					"$(inherited)",
					"@executable_path/Frameworks",
				);
				PRODUCT_BUNDLE_IDENTIFIER = com.mediumproject.AppExtensionsExample;
				PRODUCT_NAME = "$(TARGET_NAME)";
				SWIFT_VERSION = 5.0;
				TARGETED_DEVICE_FAMILY = "1,2";
			};
			name = Release;
		};
		F506DA8523A03FD600B4ADEB /* Debug */ = {
			isa = XCBuildConfiguration;
			buildSettings = {
				CODE_SIGN_STYLE = Automatic;
				DEVELOPMENT_TEAM = 89D52653SY;
				INFOPLIST_FILE = AppExtensionsTodayExample/Info.plist;
				LD_RUNPATH_SEARCH_PATHS = (
					"$(inherited)",
					"@executable_path/Frameworks",
					"@executable_path/../../Frameworks",
				);
				PRODUCT_BUNDLE_IDENTIFIER = com.mediumproject.AppExtensionsExample.AppExtensionsTodayExample;
				PRODUCT_NAME = "$(TARGET_NAME)";
				SKIP_INSTALL = YES;
				SWIFT_VERSION = 5.0;
				TARGETED_DEVICE_FAMILY = "1,2";
			};
			name = Debug;
		};
		F506DA8623A03FD600B4ADEB /* Release */ = {
			isa = XCBuildConfiguration;
			buildSettings = {
				CODE_SIGN_STYLE = Automatic;
				DEVELOPMENT_TEAM = 89D52653SY;
				INFOPLIST_FILE = AppExtensionsTodayExample/Info.plist;
				LD_RUNPATH_SEARCH_PATHS = (
					"$(inherited)",
					"@executable_path/Frameworks",
					"@executable_path/../../Frameworks",
				);
				PRODUCT_BUNDLE_IDENTIFIER = com.mediumproject.AppExtensionsExample.AppExtensionsTodayExample;
				PRODUCT_NAME = "$(TARGET_NAME)";
				SKIP_INSTALL = YES;
				SWIFT_VERSION = 5.0;
				TARGETED_DEVICE_FAMILY = "1,2";
			};
			name = Release;
		};
/* End XCBuildConfiguration section */

/* Begin XCConfigurationList section */
		F506DA4C23A021E800B4ADEB /* Build configuration list for PBXProject "AppExtensionsExample" */ = {
			isa = XCConfigurationList;
			buildConfigurations = (
				F506DA6323A021E900B4ADEB /* Debug */,
				F506DA6423A021E900B4ADEB /* Release */,
			);
			defaultConfigurationIsVisible = 0;
			defaultConfigurationName = Release;
		};
		F506DA6523A021E900B4ADEB /* Build configuration list for PBXNativeTarget "AppExtensionsExample" */ = {
			isa = XCConfigurationList;
			buildConfigurations = (
				F506DA6623A021E900B4ADEB /* Debug */,
				F506DA6723A021E900B4ADEB /* Release */,
			);
			defaultConfigurationIsVisible = 0;
			defaultConfigurationName = Release;
		};
		F506DA8423A03FD600B4ADEB /* Build configuration list for PBXNativeTarget "AppExtensionsTodayExample" */ = {
			isa = XCConfigurationList;
			buildConfigurations = (
				F506DA8523A03FD600B4ADEB /* Debug */,
				F506DA8623A03FD600B4ADEB /* Release */,
			);
			defaultConfigurationIsVisible = 0;
			defaultConfigurationName = Release;
		};
/* End XCConfigurationList section */
	};
	rootObject = F506DA4923A021E800B4ADEB /* Project object */;
}
